
Microsoft Visual Studio Solution File, Format Version 12.00
# Visual Studio 2013
VisualStudioVersion = 12.0.21005.1
MinimumVisualStudioVersion = 10.0.40219.1
Project("{FAE04EC0-301F-11D3-BF4B-00C04F79EFBC}") = "Geomatics", "Geomatics\Geomatics.csproj", "{11F027DC-A523-434F-9D38-6FF7DB93A80B}"
EndProject
Project("{FAE04EC0-301F-11D3-BF4B-00C04F79EFBC}") = "Geomatics.Tests", "Geomatics.Tests\Geomatics.Tests.csproj", "{659736D1-7CAD-4E83-A8B6-49798C33D6D7}"
EndProject
Global
	GlobalSection(SolutionConfigurationPlatforms) = preSolution
		Debug|Any CPU = Debug|Any CPU
		Release|Any CPU = Release|Any CPU
	EndGlobalSection
	GlobalSection(ProjectConfigurationPlatforms) = postSolution
		{11F027DC-A523-434F-9D38-6FF7DB93A80B}.Debug|Any CPU.ActiveCfg = Debug|Any CPU
		{11F027DC-A523-434F-9D38-6FF7DB93A80B}.Debug|Any CPU.Build.0 = Debug|Any CPU
		{11F027DC-A523-434F-9D38-6FF7DB93A80B}.Release|Any CPU.ActiveCfg = Release|Any CPU
		{11F027DC-A523-434F-9D38-6FF7DB93A80B}.Release|Any CPU.Build.0 = Release|Any CPU
		{659736D1-7CAD-4E83-A8B6-49798C33D6D7}.Debug|Any CPU.ActiveCfg = Debug|Any CPU
		{659736D1-7CAD-4E83-A8B6-49798C33D6D7}.Debug|Any CPU.Build.0 = Debug|Any CPU
		{659736D1-7CAD-4E83-A8B6-49798C33D6D7}.Release|Any CPU.ActiveCfg = Release|Any CPU
		{659736D1-7CAD-4E83-A8B6-49798C33D6D7}.Release|Any CPU.Build.0 = Release|Any CPU
	EndGlobalSection
	GlobalSection(SolutionProperties) = preSolution
		HideSolutionNode = FALSE
	EndGlobalSection
EndGlobal
